
Microsoft Visual Studio Solution File, Format Version 12.00
# Visual Studio Version 17
VisualStudioVersion = 17.9.34728.123
MinimumVisualStudioVersion = 10.0.40219.1
Project("{9A19103F-16F7-4668-BE54-9A1E7A4F7556}") = "OnlineLibrary", "Online Library\Online Library.csproj", "{8BC52E58-C3A3-416D-8F44-03CDC4C67113}"
EndProject
Global
	GlobalSection(SolutionConfigurationPlatforms) = preSolution
		Debug|Any CPU = Debug|Any CPU
		Release|Any CPU = Release|Any CPU
	EndGlobalSection
	GlobalSection(ProjectConfigurationPlatforms) = postSolution
		{8BC52E58-C3A3-416D-8F44-03CDC4C67113}.Debug|Any CPU.ActiveCfg = Debug|Any CPU
		{8BC52E58-C3A3-416D-8F44-03CDC4C67113}.Debug|Any CPU.Build.0 = Debug|Any CPU
		{8BC52E58-C3A3-416D-8F44-03CDC4C67113}.Release|Any CPU.ActiveCfg = Release|Any CPU
		{8BC52E58-C3A3-416D-8F44-03CDC4C67113}.Release|Any CPU.Build.0 = Release|Any CPU
	EndGlobalSection
	GlobalSection(SolutionProperties) = preSolution
		HideSolutionNode = FALSE
	EndGlobalSection
	GlobalSection(ExtensibilityGlobals) = postSolution
		SolutionGuid = {B0DC2F02-C740-43DB-AFBE-74492B2DC777}
	EndGlobalSection
EndGlobal
